{
  "name": "france_dom_com_hexagonal",
  "lockfileVersion": 2,
  "requires": true,
  "packages": {
    "": {
      "dependencies": {
        "geojson2svg": "^1.2.9"
      }
    },
    "node_modules/geojson2svg": {
      "version": "1.2.9",
      "resolved": "https://registry.npmjs.org/geojson2svg/-/geojson2svg-1.2.9.tgz",
      "integrity": "sha512-w3U2LZ57TDg4N+csrAe1QkZnbexNRBDUxn0DFx7NXSp8QtkW+pKCPW/lULBh7gvyiZ0ND0Fns5JIaTawvV2s4A==",
      "dependencies": {
        "multigeojson": "~0.0.1"
      }
    },
    "node_modules/multigeojson": {
      "version": "0.0.1",
      "resolved": "https://registry.npmjs.org/multigeojson/-/multigeojson-0.0.1.tgz",
      "integrity": "sha1-8kBKgLbuWpZCq7F9sBqefxgJ7z4="
    }
  },
  "dependencies": {
    "geojson2svg": {
      "version": "1.2.9",
      "resolved": "https://registry.npmjs.org/geojson2svg/-/geojson2svg-1.2.9.tgz",
      "integrity": "sha512-w3U2LZ57TDg4N+csrAe1QkZnbexNRBDUxn0DFx7NXSp8QtkW+pKCPW/lULBh7gvyiZ0ND0Fns5JIaTawvV2s4A==",
      "requires": {
        "multigeojson": "~0.0.1"
      }
    },
    "multigeojson": {
      "version": "0.0.1",
      "resolved": "https://registry.npmjs.org/multigeojson/-/multigeojson-0.0.1.tgz",
      "integrity": "sha1-8kBKgLbuWpZCq7F9sBqefxgJ7z4="
    }
  }
}
